
Microsoft Visual Studio Solution File, Format Version 12.00
# Visual Studio Version 17
VisualStudioVersion = 17.2.32630.192
MinimumVisualStudioVersion = 10.0.40219.1
Project("{2150E333-8FDC-42A3-9474-1A3956D46DE8}") = "Services", "Services", "{BABDB440-2DBC-4C2C-AD45-421D28E2F7DD}"
EndProject
Project("{2150E333-8FDC-42A3-9474-1A3956D46DE8}") = "Catalog", "Catalog", "{28B8D7CB-F248-4389-8FC6-9F41CF8C9BB8}"
EndProject
Project("{9A19103F-16F7-4668-BE54-9A1E7A4F7556}") = "Catalog.API", "Services\Catalog\Catalog.API\Catalog.API.csproj", "{7A7B1D03-F3AE-4EC7-9526-E6B7CB07B753}"
EndProject
Project("{9A19103F-16F7-4668-BE54-9A1E7A4F7556}") = "Catalog.Domain", "Services\Catalog\Catalog.Domain\Catalog.Domain.csproj", "{D1AC2A7C-E85D-4A38-95E0-3642CF27A2C5}"
EndProject
Project("{9A19103F-16F7-4668-BE54-9A1E7A4F7556}") = "Catalog.MongoDb", "Services\Catalog\Catalog.MongoDb\Catalog.MongoDb.csproj", "{282BB4E8-1EEF-4A7A-8B89-618735442D2C}"
EndProject
Project("{E53339B2-1760-4266-BCC7-CA923CBCF16C}") = "docker-compose", "docker-compose.dcproj", "{E6E58ED6-A225-44A6-A127-AE95216C1568}"
EndProject
Project("{2150E333-8FDC-42A3-9474-1A3956D46DE8}") = "Basket", "Basket", "{6E2F9ACC-4B29-4770-ACB2-A9423D9D498B}"
EndProject
Project("{9A19103F-16F7-4668-BE54-9A1E7A4F7556}") = "Basket.API", "Services\Basket\Basket.API\Basket.API.csproj", "{0A28274D-EB9A-4AFD-95B4-19504B370F89}"
EndProject
Project("{9A19103F-16F7-4668-BE54-9A1E7A4F7556}") = "Basket.Domain", "Services\Basket\Basket.Domain\Basket.Domain.csproj", "{2089DBE6-F0BB-4504-AF7D-1850E5E77166}"
EndProject
Project("{9A19103F-16F7-4668-BE54-9A1E7A4F7556}") = "Basket.Redis", "Services\basket\Basket.Redis\Basket.Redis.csproj", "{74B67634-0810-4146-88E9-E9DE2B7F5616}"
EndProject
Project("{2150E333-8FDC-42A3-9474-1A3956D46DE8}") = "Discount", "Discount", "{92488BDC-53B0-4A30-AF8E-21AB76D3387F}"
EndProject
Project("{9A19103F-16F7-4668-BE54-9A1E7A4F7556}") = "Discount.Gprc", "Services\Disount\Discount.Gprc\Discount.Gprc.csproj", "{E6B4F8ED-DA06-4C74-96AA-A8C75DB990AB}"
EndProject
Project("{2150E333-8FDC-42A3-9474-1A3956D46DE8}") = "Order", "Order", "{545B741A-B2A4-4059-92E9-5FEA1F24B1B1}"
EndProject
Project("{9A19103F-16F7-4668-BE54-9A1E7A4F7556}") = "Order.API", "Services\Order\Order.API\Order.API.csproj", "{B11E91CF-BAA8-4B91-95F8-A1A75EC34B82}"
EndProject
Project("{9A19103F-16F7-4668-BE54-9A1E7A4F7556}") = "Order.Application", "Services\Order\Order.Application\Order.Application.csproj", "{6C548DBF-A02E-44DB-A29E-238A73DCBA08}"
EndProject
Project("{9A19103F-16F7-4668-BE54-9A1E7A4F7556}") = "Order.Domain", "Services\Order\Order.Domain\Order.Domain.csproj", "{5E645630-4800-4C3E-9D55-7781D911C56C}"
EndProject
Project("{9A19103F-16F7-4668-BE54-9A1E7A4F7556}") = "Order.Infrastructure", "Services\Order\Order.Infrastructure\Order.Infrastructure.csproj", "{B576A430-31EC-48D6-89DF-538FE0056E16}"
EndProject
Project("{2150E333-8FDC-42A3-9474-1A3956D46DE8}") = "BuildingBlock", "BuildingBlock", "{4F6F1683-2A38-411A-94E4-704985E15235}"
EndProject
Project("{9A19103F-16F7-4668-BE54-9A1E7A4F7556}") = "EventBus.Messages", "BuildingBlock\EventBus.Messages\EventBus.Messages.csproj", "{17BA85D0-20F3-41B4-883F-804597D122AF}"
EndProject
Project("{2150E333-8FDC-42A3-9474-1A3956D46DE8}") = "APIGateway", "APIGateway", "{94A6C9F7-C7AC-4098-B293-05340598137E}"
EndProject
Project("{9A19103F-16F7-4668-BE54-9A1E7A4F7556}") = "OcelotApiGateway", "APIGateway\OcelotApiGateway\OcelotApiGateway.csproj", "{153CF4D4-8189-4855-9850-9F85E61CD2D5}"
EndProject
Project("{2150E333-8FDC-42A3-9474-1A3956D46DE8}") = "HealthCheck", "HealthCheck", "{3E284B3D-C308-4338-B462-5715018E11D2}"
EndProject
Project("{9A19103F-16F7-4668-BE54-9A1E7A4F7556}") = "HealthCheck", "HealthCheck\WebApplication1\HealthCheck.csproj", "{F7859CB1-315D-4C36-BE1D-3DCBEAC192D3}"
EndProject
Project("{9A19103F-16F7-4668-BE54-9A1E7A4F7556}") = "Catalog.Application", "Services\Catalog\Catalog.Application\Catalog.Application.csproj", "{A53903F6-8235-4923-8FBB-3EC4F256DA91}"
EndProject
Project("{9A19103F-16F7-4668-BE54-9A1E7A4F7556}") = "Disount.API", "Services\Disount\Disount.API\Disount.API.csproj", "{2A08AC91-82BA-41B5-8067-5D2302AFA939}"
EndProject
Project("{2150E333-8FDC-42A3-9474-1A3956D46DE8}") = "IdentityProvider", "IdentityProvider", "{32644038-8C7F-4E83-94B2-F66ED79AAEE1}"
EndProject
Project("{9A19103F-16F7-4668-BE54-9A1E7A4F7556}") = "IdentityProvider", "IdentityProvider\IdentityProvider\IdentityProvider.csproj", "{1BBA24A7-99B8-4667-B029-E71C5CCBE346}"
EndProject
Global
	GlobalSection(SolutionConfigurationPlatforms) = preSolution
		Debug|Any CPU = Debug|Any CPU
		Release|Any CPU = Release|Any CPU
	EndGlobalSection
	GlobalSection(ProjectConfigurationPlatforms) = postSolution
		{7A7B1D03-F3AE-4EC7-9526-E6B7CB07B753}.Debug|Any CPU.ActiveCfg = Debug|Any CPU
		{7A7B1D03-F3AE-4EC7-9526-E6B7CB07B753}.Debug|Any CPU.Build.0 = Debug|Any CPU
		{7A7B1D03-F3AE-4EC7-9526-E6B7CB07B753}.Release|Any CPU.ActiveCfg = Release|Any CPU
		{7A7B1D03-F3AE-4EC7-9526-E6B7CB07B753}.Release|Any CPU.Build.0 = Release|Any CPU
		{D1AC2A7C-E85D-4A38-95E0-3642CF27A2C5}.Debug|Any CPU.ActiveCfg = Debug|Any CPU
		{D1AC2A7C-E85D-4A38-95E0-3642CF27A2C5}.Debug|Any CPU.Build.0 = Debug|Any CPU
		{D1AC2A7C-E85D-4A38-95E0-3642CF27A2C5}.Release|Any CPU.ActiveCfg = Release|Any CPU
		{D1AC2A7C-E85D-4A38-95E0-3642CF27A2C5}.Release|Any CPU.Build.0 = Release|Any CPU
		{282BB4E8-1EEF-4A7A-8B89-618735442D2C}.Debug|Any CPU.ActiveCfg = Debug|Any CPU
		{282BB4E8-1EEF-4A7A-8B89-618735442D2C}.Debug|Any CPU.Build.0 = Debug|Any CPU
		{282BB4E8-1EEF-4A7A-8B89-618735442D2C}.Release|Any CPU.ActiveCfg = Release|Any CPU
		{282BB4E8-1EEF-4A7A-8B89-618735442D2C}.Release|Any CPU.Build.0 = Release|Any CPU
		{E6E58ED6-A225-44A6-A127-AE95216C1568}.Debug|Any CPU.ActiveCfg = Debug|Any CPU
		{E6E58ED6-A225-44A6-A127-AE95216C1568}.Debug|Any CPU.Build.0 = Debug|Any CPU
		{E6E58ED6-A225-44A6-A127-AE95216C1568}.Release|Any CPU.ActiveCfg = Release|Any CPU
		{E6E58ED6-A225-44A6-A127-AE95216C1568}.Release|Any CPU.Build.0 = Release|Any CPU
		{0A28274D-EB9A-4AFD-95B4-19504B370F89}.Debug|Any CPU.ActiveCfg = Debug|Any CPU
		{0A28274D-EB9A-4AFD-95B4-19504B370F89}.Debug|Any CPU.Build.0 = Debug|Any CPU
		{0A28274D-EB9A-4AFD-95B4-19504B370F89}.Release|Any CPU.ActiveCfg = Release|Any CPU
		{0A28274D-EB9A-4AFD-95B4-19504B370F89}.Release|Any CPU.Build.0 = Release|Any CPU
		{2089DBE6-F0BB-4504-AF7D-1850E5E77166}.Debug|Any CPU.ActiveCfg = Debug|Any CPU
		{2089DBE6-F0BB-4504-AF7D-1850E5E77166}.Debug|Any CPU.Build.0 = Debug|Any CPU
		{2089DBE6-F0BB-4504-AF7D-1850E5E77166}.Release|Any CPU.ActiveCfg = Release|Any CPU
		{2089DBE6-F0BB-4504-AF7D-1850E5E77166}.Release|Any CPU.Build.0 = Release|Any CPU
		{74B67634-0810-4146-88E9-E9DE2B7F5616}.Debug|Any CPU.ActiveCfg = Debug|Any CPU
		{74B67634-0810-4146-88E9-E9DE2B7F5616}.Debug|Any CPU.Build.0 = Debug|Any CPU
		{74B67634-0810-4146-88E9-E9DE2B7F5616}.Release|Any CPU.ActiveCfg = Release|Any CPU
		{74B67634-0810-4146-88E9-E9DE2B7F5616}.Release|Any CPU.Build.0 = Release|Any CPU
		{E6B4F8ED-DA06-4C74-96AA-A8C75DB990AB}.Debug|Any CPU.ActiveCfg = Debug|Any CPU
		{E6B4F8ED-DA06-4C74-96AA-A8C75DB990AB}.Debug|Any CPU.Build.0 = Debug|Any CPU
		{E6B4F8ED-DA06-4C74-96AA-A8C75DB990AB}.Release|Any CPU.ActiveCfg = Release|Any CPU
		{E6B4F8ED-DA06-4C74-96AA-A8C75DB990AB}.Release|Any CPU.Build.0 = Release|Any CPU
		{B11E91CF-BAA8-4B91-95F8-A1A75EC34B82}.Debug|Any CPU.ActiveCfg = Debug|Any CPU
		{B11E91CF-BAA8-4B91-95F8-A1A75EC34B82}.Debug|Any CPU.Build.0 = Debug|Any CPU
		{B11E91CF-BAA8-4B91-95F8-A1A75EC34B82}.Release|Any CPU.ActiveCfg = Release|Any CPU
		{B11E91CF-BAA8-4B91-95F8-A1A75EC34B82}.Release|Any CPU.Build.0 = Release|Any CPU
		{6C548DBF-A02E-44DB-A29E-238A73DCBA08}.Debug|Any CPU.ActiveCfg = Debug|Any CPU
		{6C548DBF-A02E-44DB-A29E-238A73DCBA08}.Debug|Any CPU.Build.0 = Debug|Any CPU
		{6C548DBF-A02E-44DB-A29E-238A73DCBA08}.Release|Any CPU.ActiveCfg = Release|Any CPU
		{6C548DBF-A02E-44DB-A29E-238A73DCBA08}.Release|Any CPU.Build.0 = Release|Any CPU
		{5E645630-4800-4C3E-9D55-7781D911C56C}.Debug|Any CPU.ActiveCfg = Debug|Any CPU
		{5E645630-4800-4C3E-9D55-7781D911C56C}.Debug|Any CPU.Build.0 = Debug|Any CPU
		{5E645630-4800-4C3E-9D55-7781D911C56C}.Release|Any CPU.ActiveCfg = Release|Any CPU
		{5E645630-4800-4C3E-9D55-7781D911C56C}.Release|Any CPU.Build.0 = Release|Any CPU
		{B576A430-31EC-48D6-89DF-538FE0056E16}.Debug|Any CPU.ActiveCfg = Debug|Any CPU
		{B576A430-31EC-48D6-89DF-538FE0056E16}.Debug|Any CPU.Build.0 = Debug|Any CPU
		{B576A430-31EC-48D6-89DF-538FE0056E16}.Release|Any CPU.ActiveCfg = Release|Any CPU
		{B576A430-31EC-48D6-89DF-538FE0056E16}.Release|Any CPU.Build.0 = Release|Any CPU
		{17BA85D0-20F3-41B4-883F-804597D122AF}.Debug|Any CPU.ActiveCfg = Debug|Any CPU
		{17BA85D0-20F3-41B4-883F-804597D122AF}.Debug|Any CPU.Build.0 = Debug|Any CPU
		{17BA85D0-20F3-41B4-883F-804597D122AF}.Release|Any CPU.ActiveCfg = Release|Any CPU
		{17BA85D0-20F3-41B4-883F-804597D122AF}.Release|Any CPU.Build.0 = Release|Any CPU
		{153CF4D4-8189-4855-9850-9F85E61CD2D5}.Debug|Any CPU.ActiveCfg = Debug|Any CPU
		{153CF4D4-8189-4855-9850-9F85E61CD2D5}.Debug|Any CPU.Build.0 = Debug|Any CPU
		{153CF4D4-8189-4855-9850-9F85E61CD2D5}.Release|Any CPU.ActiveCfg = Release|Any CPU
		{153CF4D4-8189-4855-9850-9F85E61CD2D5}.Release|Any CPU.Build.0 = Release|Any CPU
		{F7859CB1-315D-4C36-BE1D-3DCBEAC192D3}.Debug|Any CPU.ActiveCfg = Debug|Any CPU
		{F7859CB1-315D-4C36-BE1D-3DCBEAC192D3}.Debug|Any CPU.Build.0 = Debug|Any CPU
		{F7859CB1-315D-4C36-BE1D-3DCBEAC192D3}.Release|Any CPU.ActiveCfg = Release|Any CPU
		{F7859CB1-315D-4C36-BE1D-3DCBEAC192D3}.Release|Any CPU.Build.0 = Release|Any CPU
		{A53903F6-8235-4923-8FBB-3EC4F256DA91}.Debug|Any CPU.ActiveCfg = Debug|Any CPU
		{A53903F6-8235-4923-8FBB-3EC4F256DA91}.Debug|Any CPU.Build.0 = Debug|Any CPU
		{A53903F6-8235-4923-8FBB-3EC4F256DA91}.Release|Any CPU.ActiveCfg = Release|Any CPU
		{A53903F6-8235-4923-8FBB-3EC4F256DA91}.Release|Any CPU.Build.0 = Release|Any CPU
		{2A08AC91-82BA-41B5-8067-5D2302AFA939}.Debug|Any CPU.ActiveCfg = Debug|Any CPU
		{2A08AC91-82BA-41B5-8067-5D2302AFA939}.Debug|Any CPU.Build.0 = Debug|Any CPU
		{2A08AC91-82BA-41B5-8067-5D2302AFA939}.Release|Any CPU.ActiveCfg = Release|Any CPU
		{2A08AC91-82BA-41B5-8067-5D2302AFA939}.Release|Any CPU.Build.0 = Release|Any CPU
		{1BBA24A7-99B8-4667-B029-E71C5CCBE346}.Debug|Any CPU.ActiveCfg = Debug|Any CPU
		{1BBA24A7-99B8-4667-B029-E71C5CCBE346}.Debug|Any CPU.Build.0 = Debug|Any CPU
		{1BBA24A7-99B8-4667-B029-E71C5CCBE346}.Release|Any CPU.ActiveCfg = Release|Any CPU
		{1BBA24A7-99B8-4667-B029-E71C5CCBE346}.Release|Any CPU.Build.0 = Release|Any CPU
	EndGlobalSection
	GlobalSection(SolutionProperties) = preSolution
		HideSolutionNode = FALSE
	EndGlobalSection
	GlobalSection(NestedProjects) = preSolution
		{28B8D7CB-F248-4389-8FC6-9F41CF8C9BB8} = {BABDB440-2DBC-4C2C-AD45-421D28E2F7DD}
		{7A7B1D03-F3AE-4EC7-9526-E6B7CB07B753} = {28B8D7CB-F248-4389-8FC6-9F41CF8C9BB8}
		{D1AC2A7C-E85D-4A38-95E0-3642CF27A2C5} = {28B8D7CB-F248-4389-8FC6-9F41CF8C9BB8}
		{282BB4E8-1EEF-4A7A-8B89-618735442D2C} = {28B8D7CB-F248-4389-8FC6-9F41CF8C9BB8}
		{6E2F9ACC-4B29-4770-ACB2-A9423D9D498B} = {BABDB440-2DBC-4C2C-AD45-421D28E2F7DD}
		{0A28274D-EB9A-4AFD-95B4-19504B370F89} = {6E2F9ACC-4B29-4770-ACB2-A9423D9D498B}
		{2089DBE6-F0BB-4504-AF7D-1850E5E77166} = {6E2F9ACC-4B29-4770-ACB2-A9423D9D498B}
		{74B67634-0810-4146-88E9-E9DE2B7F5616} = {6E2F9ACC-4B29-4770-ACB2-A9423D9D498B}
		{92488BDC-53B0-4A30-AF8E-21AB76D3387F} = {BABDB440-2DBC-4C2C-AD45-421D28E2F7DD}
		{E6B4F8ED-DA06-4C74-96AA-A8C75DB990AB} = {92488BDC-53B0-4A30-AF8E-21AB76D3387F}
		{545B741A-B2A4-4059-92E9-5FEA1F24B1B1} = {BABDB440-2DBC-4C2C-AD45-421D28E2F7DD}
		{B11E91CF-BAA8-4B91-95F8-A1A75EC34B82} = {545B741A-B2A4-4059-92E9-5FEA1F24B1B1}
		{6C548DBF-A02E-44DB-A29E-238A73DCBA08} = {545B741A-B2A4-4059-92E9-5FEA1F24B1B1}
		{5E645630-4800-4C3E-9D55-7781D911C56C} = {545B741A-B2A4-4059-92E9-5FEA1F24B1B1}
		{B576A430-31EC-48D6-89DF-538FE0056E16} = {545B741A-B2A4-4059-92E9-5FEA1F24B1B1}
		{17BA85D0-20F3-41B4-883F-804597D122AF} = {4F6F1683-2A38-411A-94E4-704985E15235}
		{153CF4D4-8189-4855-9850-9F85E61CD2D5} = {94A6C9F7-C7AC-4098-B293-05340598137E}
		{F7859CB1-315D-4C36-BE1D-3DCBEAC192D3} = {3E284B3D-C308-4338-B462-5715018E11D2}
		{A53903F6-8235-4923-8FBB-3EC4F256DA91} = {28B8D7CB-F248-4389-8FC6-9F41CF8C9BB8}
		{2A08AC91-82BA-41B5-8067-5D2302AFA939} = {92488BDC-53B0-4A30-AF8E-21AB76D3387F}
		{1BBA24A7-99B8-4667-B029-E71C5CCBE346} = {32644038-8C7F-4E83-94B2-F66ED79AAEE1}
	EndGlobalSection
	GlobalSection(ExtensibilityGlobals) = postSolution
		SolutionGuid = {B51B3FF6-80CF-4BE5-B4A2-40E440FA7DCE}
	EndGlobalSection
EndGlobal
